// !$*UTF8*$!
{
	archiveVersion = 1;
	classes = {
	};
	objectVersion = 56;
	objects = {

/* Begin PBXBuildFile section */
		00D6D3C92C309B710032FE30 /* Meal_AppApp.swift in Sources */ = {isa = PBXBuildFile; fileRef = 00D6D3C82C309B710032FE30 /* Meal_AppApp.swift */; };
		00D6D3CB2C309B710032FE30 /* ContentView.swift in Sources */ = {isa = PBXBuildFile; fileRef = 00D6D3CA2C309B710032FE30 /* ContentView.swift */; };
		00D6D3CD2C309B730032FE30 /* Assets.xcassets in Resources */ = {isa = PBXBuildFile; fileRef = 00D6D3CC2C309B730032FE30 /* Assets.xcassets */; };
		00D6D3D02C309B730032FE30 /* Preview Assets.xcassets in Resources */ = {isa = PBXBuildFile; fileRef = 00D6D3CF2C309B730032FE30 /* Preview Assets.xcassets */; };
		00D6D3DA2C309B740032FE30 /* Meal_AppTests.swift in Sources */ = {isa = PBXBuildFile; fileRef = 00D6D3D92C309B740032FE30 /* Meal_AppTests.swift */; };
		00D6D3E42C309B740032FE30 /* Meal_AppUITests.swift in Sources */ = {isa = PBXBuildFile; fileRef = 00D6D3E32C309B740032FE30 /* Meal_AppUITests.swift */; };
		00D6D3E62C309B740032FE30 /* Meal_AppUITestsLaunchTests.swift in Sources */ = {isa = PBXBuildFile; fileRef = 00D6D3E52C309B740032FE30 /* Meal_AppUITestsLaunchTests.swift */; };
/* End PBXBuildFile section */

/* Begin PBXContainerItemProxy section */
		00D6D3D62C309B740032FE30 /* PBXContainerItemProxy */ = {
			isa = PBXContainerItemProxy;
			containerPortal = 00D6D3BD2C309B710032FE30 /* Project object */;
			proxyType = 1;
			remoteGlobalIDString = 00D6D3C42C309B710032FE30;
			remoteInfo = Meal_App;
		};
		00D6D3E02C309B740032FE30 /* PBXContainerItemProxy */ = {
			isa = PBXContainerItemProxy;
			containerPortal = 00D6D3BD2C309B710032FE30 /* Project object */;
			proxyType = 1;
			remoteGlobalIDString = 00D6D3C42C309B710032FE30;
			remoteInfo = Meal_App;
		};
/* End PBXContainerItemProxy section */

/* Begin PBXFileReference section */
		00D6D3C52C309B710032FE30 /* Meal_App.app */ = {isa = PBXFileReference; explicitFileType = wrapper.application; includeInIndex = 0; path = Meal_App.app; sourceTree = BUILT_PRODUCTS_DIR; };
		00D6D3C82C309B710032FE30 /* Meal_AppApp.swift */ = {isa = PBXFileReference; lastKnownFileType = sourcecode.swift; path = Meal_AppApp.swift; sourceTree = "<group>"; };
		00D6D3CA2C309B710032FE30 /* ContentView.swift */ = {isa = PBXFileReference; lastKnownFileType = sourcecode.swift; path = ContentView.swift; sourceTree = "<group>"; };
		00D6D3CC2C309B730032FE30 /* Assets.xcassets */ = {isa = PBXFileReference; lastKnownFileType = folder.assetcatalog; path = Assets.xcassets; sourceTree = "<group>"; };
		00D6D3CF2C309B730032FE30 /* Preview Assets.xcassets */ = {isa = PBXFileReference; lastKnownFileType = folder.assetcatalog; path = "Preview Assets.xcassets"; sourceTree = "<group>"; };
		00D6D3D52C309B740032FE30 /* Meal_AppTests.xctest */ = {isa = PBXFileReference; explicitFileType = wrapper.cfbundle; includeInIndex = 0; path = Meal_AppTests.xctest; sourceTree = BUILT_PRODUCTS_DIR; };
		00D6D3D92C309B740032FE30 /* Meal_AppTests.swift */ = {isa = PBXFileReference; lastKnownFileType = sourcecode.swift; path = Meal_AppTests.swift; sourceTree = "<group>"; };
		00D6D3DF2C309B740032FE30 /* Meal_AppUITests.xctest */ = {isa = PBXFileReference; explicitFileType = wrapper.cfbundle; includeInIndex = 0; path = Meal_AppUITests.xctest; sourceTree = BUILT_PRODUCTS_DIR; };
		00D6D3E32C309B740032FE30 /* Meal_AppUITests.swift */ = {isa = PBXFileReference; lastKnownFileType = sourcecode.swift; path = Meal_AppUITests.swift; sourceTree = "<group>"; };
		00D6D3E52C309B740032FE30 /* Meal_AppUITestsLaunchTests.swift */ = {isa = PBXFileReference; lastKnownFileType = sourcecode.swift; path = Meal_AppUITestsLaunchTests.swift; sourceTree = "<group>"; };
/* End PBXFileReference section */

/* Begin PBXFrameworksBuildPhase section */
		00D6D3C22C309B710032FE30 /* Frameworks */ = {
			isa = PBXFrameworksBuildPhase;
			buildActionMask = 2147483647;
			files = (
			);
			runOnlyForDeploymentPostprocessing = 0;
		};
		00D6D3D22C309B740032FE30 /* Frameworks */ = {
			isa = PBXFrameworksBuildPhase;
			buildActionMask = 2147483647;
			files = (
			);
			runOnlyForDeploymentPostprocessing = 0;
		};
		00D6D3DC2C309B740032FE30 /* Frameworks */ = {
			isa = PBXFrameworksBuildPhase;
			buildActionMask = 2147483647;
			files = (
			);
			runOnlyForDeploymentPostprocessing = 0;
		};
/* End PBXFrameworksBuildPhase section */

/* Begin PBXGroup section */
		00D6D3BC2C309B710032FE30 = {
			isa = PBXGroup;
			children = (
				00D6D3C72C309B710032FE30 /* Meal_App */,
				00D6D3D82C309B740032FE30 /* Meal_AppTests */,
				00D6D3E22C309B740032FE30 /* Meal_AppUITests */,
				00D6D3C62C309B710032FE30 /* Products */,
			);
			sourceTree = "<group>";
		};
		00D6D3C62C309B710032FE30 /* Products */ = {
			isa = PBXGroup;
			children = (
				00D6D3C52C309B710032FE30 /* Meal_App.app */,
				00D6D3D52C309B740032FE30 /* Meal_AppTests.xctest */,
				00D6D3DF2C309B740032FE30 /* Meal_AppUITests.xctest */,
			);
			name = Products;
			sourceTree = "<group>";
		};
		00D6D3C72C309B710032FE30 /* Meal_App */ = {
			isa = PBXGroup;
			children = (
				00D6D3C82C309B710032FE30 /* Meal_AppApp.swift */,
				00D6D3CA2C309B710032FE30 /* ContentView.swift */,
				00D6D3CC2C309B730032FE30 /* Assets.xcassets */,
				00D6D3CE2C309B730032FE30 /* Preview Content */,
			);
			path = Meal_App;
			sourceTree = "<group>";
		};
		00D6D3CE2C309B730032FE30 /* Preview Content */ = {
			isa = PBXGroup;
			children = (
				00D6D3CF2C309B730032FE30 /* Preview Assets.xcassets */,
			);
			path = "Preview Content";
			sourceTree = "<group>";
		};
		00D6D3D82C309B740032FE30 /* Meal_AppTests */ = {
			isa = PBXGroup;
			children = (
				00D6D3D92C309B740032FE30 /* Meal_AppTests.swift */,
			);
			path = Meal_AppTests;
			sourceTree = "<group>";
		};
		00D6D3E22C309B740032FE30 /* Meal_AppUITests */ = {
			isa = PBXGroup;
			children = (
				00D6D3E32C309B740032FE30 /* Meal_AppUITests.swift */,
				00D6D3E52C309B740032FE30 /* Meal_AppUITestsLaunchTests.swift */,
			);
			path = Meal_AppUITests;
			sourceTree = "<group>";
		};
/* End PBXGroup section */

/* Begin PBXNativeTarget section */
		00D6D3C42C309B710032FE30 /* Meal_App */ = {
			isa = PBXNativeTarget;
			buildConfigurationList = 00D6D3E92C309B740032FE30 /* Build configuration list for PBXNativeTarget "Meal_App" */;
			buildPhases = (
				00D6D3C12C309B710032FE30 /* Sources */,
				00D6D3C22C309B710032FE30 /* Frameworks */,
				00D6D3C32C309B710032FE30 /* Resources */,
			);
			buildRules = (
			);
			dependencies = (
			);
			name = Meal_App;
			productName = Meal_App;
			productReference = 00D6D3C52C309B710032FE30 /* Meal_App.app */;
			productType = "com.apple.product-type.application";
		};
		00D6D3D42C309B740032FE30 /* Meal_AppTests */ = {
			isa = PBXNativeTarget;
			buildConfigurationList = 00D6D3EC2C309B740032FE30 /* Build configuration list for PBXNativeTarget "Meal_AppTests" */;
			buildPhases = (
				00D6D3D12C309B740032FE30 /* Sources */,
				00D6D3D22C309B740032FE30 /* Frameworks */,
				00D6D3D32C309B740032FE30 /* Resources */,
			);
			buildRules = (
			);
			dependencies = (
				00D6D3D72C309B740032FE30 /* PBXTargetDependency */,
			);
			name = Meal_AppTests;
			productName = Meal_AppTests;
			productReference = 00D6D3D52C309B740032FE30 /* Meal_AppTests.xctest */;
			productType = "com.apple.product-type.bundle.unit-test";
		};
		00D6D3DE2C309B740032FE30 /* Meal_AppUITests */ = {
			isa = PBXNativeTarget;
			buildConfigurationList = 00D6D3EF2C309B740032FE30 /* Build configuration list for PBXNativeTarget "Meal_AppUITests" */;
			buildPhases = (
				00D6D3DB2C309B740032FE30 /* Sources */,
				00D6D3DC2C309B740032FE30 /* Frameworks */,
				00D6D3DD2C309B740032FE30 /* Resources */,
			);
			buildRules = (
			);
			dependencies = (
				00D6D3E12C309B740032FE30 /* PBXTargetDependency */,
			);
			name = Meal_AppUITests;
			productName = Meal_AppUITests;
			productReference = 00D6D3DF2C309B740032FE30 /* Meal_AppUITests.xctest */;
			productType = "com.apple.product-type.bundle.ui-testing";
		};
/* End PBXNativeTarget section */

/* Begin PBXProject section */
		00D6D3BD2C309B710032FE30 /* Project object */ = {
			isa = PBXProject;
			attributes = {
				BuildIndependentTargetsInParallel = 1;
				LastSwiftUpdateCheck = 1540;
				LastUpgradeCheck = 1540;
				TargetAttributes = {
					00D6D3C42C309B710032FE30 = {
						CreatedOnToolsVersion = 15.4;
					};
					00D6D3D42C309B740032FE30 = {
						CreatedOnToolsVersion = 15.4;
						TestTargetID = 00D6D3C42C309B710032FE30;
					};
					00D6D3DE2C309B740032FE30 = {
						CreatedOnToolsVersion = 15.4;
						TestTargetID = 00D6D3C42C309B710032FE30;
					};
				};
			};
			buildConfigurationList = 00D6D3C02C309B710032FE30 /* Build configuration list for PBXProject "Meal_App" */;
			compatibilityVersion = "Xcode 14.0";
			developmentRegion = en;
			hasScannedForEncodings = 0;
			knownRegions = (
				en,
				Base,
			);
			mainGroup = 00D6D3BC2C309B710032FE30;
			productRefGroup = 00D6D3C62C309B710032FE30 /* Products */;
			projectDirPath = "";
			projectRoot = "";
			targets = (
				00D6D3C42C309B710032FE30 /* Meal_App */,
				00D6D3D42C309B740032FE30 /* Meal_AppTests */,
				00D6D3DE2C309B740032FE30 /* Meal_AppUITests */,
			);
		};
/* End PBXProject section */

/* Begin PBXResourcesBuildPhase section */
		00D6D3C32C309B710032FE30 /* Resources */ = {
			isa = PBXResourcesBuildPhase;
			buildActionMask = 2147483647;
			files = (
				00D6D3D02C309B730032FE30 /* Preview Assets.xcassets in Resources */,
				00D6D3CD2C309B730032FE30 /* Assets.xcassets in Resources */,
			);
			runOnlyForDeploymentPostprocessing = 0;
		};
		00D6D3D32C309B740032FE30 /* Resources */ = {
			isa = PBXResourcesBuildPhase;
			buildActionMask = 2147483647;
			files = (
			);
			runOnlyForDeploymentPostprocessing = 0;
		};
		00D6D3DD2C309B740032FE30 /* Resources */ = {
			isa = PBXResourcesBuildPhase;
			buildActionMask = 2147483647;
			files = (
			);
			runOnlyForDeploymentPostprocessing = 0;
		};
/* End PBXResourcesBuildPhase section */

/* Begin PBXSourcesBuildPhase section */
		00D6D3C12C309B710032FE30 /* Sources */ = {
			isa = PBXSourcesBuildPhase;
			buildActionMask = 2147483647;
			files = (
				00D6D3CB2C309B710032FE30 /* ContentView.swift in Sources */,
				00D6D3C92C309B710032FE30 /* Meal_AppApp.swift in Sources */,
			);
			runOnlyForDeploymentPostprocessing = 0;
		};
		00D6D3D12C309B740032FE30 /* Sources */ = {
			isa = PBXSourcesBuildPhase;
			buildActionMask = 2147483647;
			files = (
				00D6D3DA2C309B740032FE30 /* Meal_AppTests.swift in Sources */,
			);
			runOnlyForDeploymentPostprocessing = 0;
		};
		00D6D3DB2C309B740032FE30 /* Sources */ = {
			isa = PBXSourcesBuildPhase;
			buildActionMask = 2147483647;
			files = (
				00D6D3E62C309B740032FE30 /* Meal_AppUITestsLaunchTests.swift in Sources */,
				00D6D3E42C309B740032FE30 /* Meal_AppUITests.swift in Sources */,
			);
			runOnlyForDeploymentPostprocessing = 0;
		};
/* End PBXSourcesBuildPhase section */

/* Begin PBXTargetDependency section */
		00D6D3D72C309B740032FE30 /* PBXTargetDependency */ = {
			isa = PBXTargetDependency;
			target = 00D6D3C42C309B710032FE30 /* Meal_App */;
			targetProxy = 00D6D3D62C309B740032FE30 /* PBXContainerItemProxy */;
		};
		00D6D3E12C309B740032FE30 /* PBXTargetDependency */ = {
			isa = PBXTargetDependency;
			target = 00D6D3C42C309B710032FE30 /* Meal_App */;
			targetProxy = 00D6D3E02C309B740032FE30 /* PBXContainerItemProxy */;
		};
/* End PBXTargetDependency section */

/* Begin XCBuildConfiguration section */
		00D6D3E72C309B740032FE30 /* Debug */ = {
			isa = XCBuildConfiguration;
			buildSettings = {
				ALWAYS_SEARCH_USER_PATHS = NO;
				ASSETCATALOG_COMPILER_GENERATE_SWIFT_ASSET_SYMBOL_EXTENSIONS = YES;
				CLANG_ANALYZER_NONNULL = YES;
				CLANG_ANALYZER_NUMBER_OBJECT_CONVERSION = YES_AGGRESSIVE;
				CLANG_CXX_LANGUAGE_STANDARD = "gnu++20";
				CLANG_ENABLE_MODULES = YES;
				CLANG_ENABLE_OBJC_ARC = YES;
				CLANG_ENABLE_OBJC_WEAK = YES;
				CLANG_WARN_BLOCK_CAPTURE_AUTORELEASING = YES;
				CLANG_WARN_BOOL_CONVERSION = YES;
				CLANG_WARN_COMMA = YES;
				CLANG_WARN_CONSTANT_CONVERSION = YES;
				CLANG_WARN_DEPRECATED_OBJC_IMPLEMENTATIONS = YES;
				CLANG_WARN_DIRECT_OBJC_ISA_USAGE = YES_ERROR;
				CLANG_WARN_DOCUMENTATION_COMMENTS = YES;
				CLANG_WARN_EMPTY_BODY = YES;
				CLANG_WARN_ENUM_CONVERSION = YES;
				CLANG_WARN_INFINITE_RECURSION = YES;
				CLANG_WARN_INT_CONVERSION = YES;
				CLANG_WARN_NON_LITERAL_NULL_CONVERSION = YES;
				CLANG_WARN_OBJC_IMPLICIT_RETAIN_SELF = YES;
				CLANG_WARN_OBJC_LITERAL_CONVERSION = YES;
				CLANG_WARN_OBJC_ROOT_CLASS = YES_ERROR;
				CLANG_WARN_QUOTED_INCLUDE_IN_FRAMEWORK_HEADER = YES;
				CLANG_WARN_RANGE_LOOP_ANALYSIS = YES;
				CLANG_WARN_STRICT_PROTOTYPES = YES;
				CLANG_WARN_SUSPICIOUS_MOVE = YES;
				CLANG_WARN_UNGUARDED_AVAILABILITY = YES_AGGRESSIVE;
				CLANG_WARN_UNREACHABLE_CODE = YES;
				CLANG_WARN__DUPLICATE_METHOD_MATCH = YES;
				COPY_PHASE_STRIP = NO;
				DEBUG_INFORMATION_FORMAT = dwarf;
				ENABLE_STRICT_OBJC_MSGSEND = YES;
				ENABLE_TESTABILITY = YES;
				ENABLE_USER_SCRIPT_SANDBOXING = YES;
				GCC_C_LANGUAGE_STANDARD = gnu17;
				GCC_DYNAMIC_NO_PIC = NO;
				GCC_NO_COMMON_BLOCKS = YES;
				GCC_OPTIMIZATION_LEVEL = 0;
				GCC_PREPROCESSOR_DEFINITIONS = (
					"DEBUG=1",
					"$(inherited)",
				);
				GCC_WARN_64_TO_32_BIT_CONVERSION = YES;
				GCC_WARN_ABOUT_RETURN_TYPE = YES_ERROR;
				GCC_WARN_UNDECLARED_SELECTOR = YES;
				GCC_WARN_UNINITIALIZED_AUTOS = YES_AGGRESSIVE;
				GCC_WARN_UNUSED_FUNCTION = YES;
				GCC_WARN_UNUSED_VARIABLE = YES;
				IPHONEOS_DEPLOYMENT_TARGET = 17.5;
				LOCALIZATION_PREFERS_STRING_CATALOGS = YES;
				MTL_ENABLE_DEBUG_INFO = INCLUDE_SOURCE;
				MTL_FAST_MATH = YES;
				ONLY_ACTIVE_ARCH = YES;
				SDKROOT = iphoneos;
				SWIFT_ACTIVE_COMPILATION_CONDITIONS = "DEBUG $(inherited)";
				SWIFT_OPTIMIZATION_LEVEL = "-Onone";
			};
			name = Debug;
		};
		00D6D3E82C309B740032FE30 /* Release */ = {
			isa = XCBuildConfiguration;
			buildSettings = {
				ALWAYS_SEARCH_USER_PATHS = NO;
				ASSETCATALOG_COMPILER_GENERATE_SWIFT_ASSET_SYMBOL_EXTENSIONS = YES;
				CLANG_ANALYZER_NONNULL = YES;
				CLANG_ANALYZER_NUMBER_OBJECT_CONVERSION = YES_AGGRESSIVE;
				CLANG_CXX_LANGUAGE_STANDARD = "gnu++20";
				CLANG_ENABLE_MODULES = YES;
				CLANG_ENABLE_OBJC_ARC = YES;
				CLANG_ENABLE_OBJC_WEAK = YES;
				CLANG_WARN_BLOCK_CAPTURE_AUTORELEASING = YES;
				CLANG_WARN_BOOL_CONVERSION = YES;
				CLANG_WARN_COMMA = YES;
				CLANG_WARN_CONSTANT_CONVERSION = YES;
				CLANG_WARN_DEPRECATED_OBJC_IMPLEMENTATIONS = YES;
				CLANG_WARN_DIRECT_OBJC_ISA_USAGE = YES_ERROR;
				CLANG_WARN_DOCUMENTATION_COMMENTS = YES;
				CLANG_WARN_EMPTY_BODY = YES;
				CLANG_WARN_ENUM_CONVERSION = YES;
				CLANG_WARN_INFINITE_RECURSION = YES;
				CLANG_WARN_INT_CONVERSION = YES;
				CLANG_WARN_NON_LITERAL_NULL_CONVERSION = YES;
				CLANG_WARN_OBJC_IMPLICIT_RETAIN_SELF = YES;
				CLANG_WARN_OBJC_LITERAL_CONVERSION = YES;
				CLANG_WARN_OBJC_ROOT_CLASS = YES_ERROR;
				CLANG_WARN_QUOTED_INCLUDE_IN_FRAMEWORK_HEADER = YES;
				CLANG_WARN_RANGE_LOOP_ANALYSIS = YES;
				CLANG_WARN_STRICT_PROTOTYPES = YES;
				CLANG_WARN_SUSPICIOUS_MOVE = YES;
				CLANG_WARN_UNGUARDED_AVAILABILITY = YES_AGGRESSIVE;
				CLANG_WARN_UNREACHABLE_CODE = YES;
				CLANG_WARN__DUPLICATE_METHOD_MATCH = YES;
				COPY_PHASE_STRIP = NO;
				DEBUG_INFORMATION_FORMAT = "dwarf-with-dsym";
				ENABLE_NS_ASSERTIONS = NO;
				ENABLE_STRICT_OBJC_MSGSEND = YES;
				ENABLE_USER_SCRIPT_SANDBOXING = YES;
				GCC_C_LANGUAGE_STANDARD = gnu17;
				GCC_NO_COMMON_BLOCKS = YES;
				GCC_WARN_64_TO_32_BIT_CONVERSION = YES;
				GCC_WARN_ABOUT_RETURN_TYPE = YES_ERROR;
				GCC_WARN_UNDECLARED_SELECTOR = YES;
				GCC_WARN_UNINITIALIZED_AUTOS = YES_AGGRESSIVE;
				GCC_WARN_UNUSED_FUNCTION = YES;
				GCC_WARN_UNUSED_VARIABLE = YES;
				IPHONEOS_DEPLOYMENT_TARGET = 17.5;
				LOCALIZATION_PREFERS_STRING_CATALOGS = YES;
				MTL_ENABLE_DEBUG_INFO = NO;
				MTL_FAST_MATH = YES;
				SDKROOT = iphoneos;
				SWIFT_COMPILATION_MODE = wholemodule;
				VALIDATE_PRODUCT = YES;
			};
			name = Release;
		};
		00D6D3EA2C309B740032FE30 /* Debug */ = {
			isa = XCBuildConfiguration;
			buildSettings = {
				ASSETCATALOG_COMPILER_APPICON_NAME = AppIcon;
				ASSETCATALOG_COMPILER_GLOBAL_ACCENT_COLOR_NAME = AccentColor;
				CODE_SIGN_STYLE = Automatic;
				CURRENT_PROJECT_VERSION = 1;
				DEVELOPMENT_ASSET_PATHS = "\"Meal_App/Preview Content\"";
				ENABLE_PREVIEWS = YES;
				GENERATE_INFOPLIST_FILE = YES;
				INFOPLIST_KEY_UIApplicationSceneManifest_Generation = YES;
				INFOPLIST_KEY_UIApplicationSupportsIndirectInputEvents = YES;
				INFOPLIST_KEY_UILaunchScreen_Generation = YES;
				INFOPLIST_KEY_UISupportedInterfaceOrientations_iPad = "UIInterfaceOrientationPortrait UIInterfaceOrientationPortraitUpsideDown UIInterfaceOrientationLandscapeLeft UIInterfaceOrientationLandscapeRight";
				INFOPLIST_KEY_UISupportedInterfaceOrientations_iPhone = "UIInterfaceOrientationPortrait UIInterfaceOrientationLandscapeLeft UIInterfaceOrientationLandscapeRight";
				LD_RUNPATH_SEARCH_PATHS = (
					"$(inherited)",
					"@executable_path/Frameworks",
				);
				MARKETING_VERSION = 1.0;
				PRODUCT_BUNDLE_IDENTIFIER = "Hitesh.Meal-App";
				PRODUCT_NAME = "$(TARGET_NAME)";
				SWIFT_EMIT_LOC_STRINGS = YES;
				SWIFT_VERSION = 5.0;
				TARGETED_DEVICE_FAMILY = "1,2";
			};
			name = Debug;
		};
		00D6D3EB2C309B740032FE30 /* Release */ = {
			isa = XCBuildConfiguration;
			buildSettings = {
				ASSETCATALOG_COMPILER_APPICON_NAME = AppIcon;
				ASSETCATALOG_COMPILER_GLOBAL_ACCENT_COLOR_NAME = AccentColor;
				CODE_SIGN_STYLE = Automatic;
				CURRENT_PROJECT_VERSION = 1;
				DEVELOPMENT_ASSET_PATHS = "\"Meal_App/Preview Content\"";
				ENABLE_PREVIEWS = YES;
				GENERATE_INFOPLIST_FILE = YES;
				INFOPLIST_KEY_UIApplicationSceneManifest_Generation = YES;
				INFOPLIST_KEY_UIApplicationSupportsIndirectInputEvents = YES;
				INFOPLIST_KEY_UILaunchScreen_Generation = YES;
				INFOPLIST_KEY_UISupportedInterfaceOrientations_iPad = "UIInterfaceOrientationPortrait UIInterfaceOrientationPortraitUpsideDown UIInterfaceOrientationLandscapeLeft UIInterfaceOrientationLandscapeRight";
				INFOPLIST_KEY_UISupportedInterfaceOrientations_iPhone = "UIInterfaceOrientationPortrait UIInterfaceOrientationLandscapeLeft UIInterfaceOrientationLandscapeRight";
				LD_RUNPATH_SEARCH_PATHS = (
					"$(inherited)",
					"@executable_path/Frameworks",
				);
				MARKETING_VERSION = 1.0;
				PRODUCT_BUNDLE_IDENTIFIER = "Hitesh.Meal-App";
				PRODUCT_NAME = "$(TARGET_NAME)";
				SWIFT_EMIT_LOC_STRINGS = YES;
				SWIFT_VERSION = 5.0;
				TARGETED_DEVICE_FAMILY = "1,2";
			};
			name = Release;
		};
		00D6D3ED2C309B740032FE30 /* Debug */ = {
			isa = XCBuildConfiguration;
			buildSettings = {
				ALWAYS_EMBED_SWIFT_STANDARD_LIBRARIES = YES;
				BUNDLE_LOADER = "$(TEST_HOST)";
				CODE_SIGN_STYLE = Automatic;
				CURRENT_PROJECT_VERSION = 1;
				GENERATE_INFOPLIST_FILE = YES;
				IPHONEOS_DEPLOYMENT_TARGET = 17.5;
				MARKETING_VERSION = 1.0;
				PRODUCT_BUNDLE_IDENTIFIER = "Hitesh.Meal-AppTests";
				PRODUCT_NAME = "$(TARGET_NAME)";
				SWIFT_EMIT_LOC_STRINGS = NO;
				SWIFT_VERSION = 5.0;
				TARGETED_DEVICE_FAMILY = "1,2";
				TEST_HOST = "$(BUILT_PRODUCTS_DIR)/Meal_App.app/$(BUNDLE_EXECUTABLE_FOLDER_PATH)/Meal_App";
			};
			name = Debug;
		};
		00D6D3EE2C309B740032FE30 /* Release */ = {
			isa = XCBuildConfiguration;
			buildSettings = {
				ALWAYS_EMBED_SWIFT_STANDARD_LIBRARIES = YES;
				BUNDLE_LOADER = "$(TEST_HOST)";
				CODE_SIGN_STYLE = Automatic;
				CURRENT_PROJECT_VERSION = 1;
				GENERATE_INFOPLIST_FILE = YES;
				IPHONEOS_DEPLOYMENT_TARGET = 17.5;
				MARKETING_VERSION = 1.0;
				PRODUCT_BUNDLE_IDENTIFIER = "Hitesh.Meal-AppTests";
				PRODUCT_NAME = "$(TARGET_NAME)";
				SWIFT_EMIT_LOC_STRINGS = NO;
				SWIFT_VERSION = 5.0;
				TARGETED_DEVICE_FAMILY = "1,2";
				TEST_HOST = "$(BUILT_PRODUCTS_DIR)/Meal_App.app/$(BUNDLE_EXECUTABLE_FOLDER_PATH)/Meal_App";
			};
			name = Release;
		};
		00D6D3F02C309B740032FE30 /* Debug */ = {
			isa = XCBuildConfiguration;
			buildSettings = {
				ALWAYS_EMBED_SWIFT_STANDARD_LIBRARIES = YES;
				CODE_SIGN_STYLE = Automatic;
				CURRENT_PROJECT_VERSION = 1;
				GENERATE_INFOPLIST_FILE = YES;
				MARKETING_VERSION = 1.0;
				PRODUCT_BUNDLE_IDENTIFIER = "Hitesh.Meal-AppUITests";
				PRODUCT_NAME = "$(TARGET_NAME)";
				SWIFT_EMIT_LOC_STRINGS = NO;
				SWIFT_VERSION = 5.0;
				TARGETED_DEVICE_FAMILY = "1,2";
				TEST_TARGET_NAME = Meal_App;
			};
			name = Debug;
		};
		00D6D3F12C309B740032FE30 /* Release */ = {
			isa = XCBuildConfiguration;
			buildSettings = {
				ALWAYS_EMBED_SWIFT_STANDARD_LIBRARIES = YES;
				CODE_SIGN_STYLE = Automatic;
				CURRENT_PROJECT_VERSION = 1;
				GENERATE_INFOPLIST_FILE = YES;
				MARKETING_VERSION = 1.0;
				PRODUCT_BUNDLE_IDENTIFIER = "Hitesh.Meal-AppUITests";
				PRODUCT_NAME = "$(TARGET_NAME)";
				SWIFT_EMIT_LOC_STRINGS = NO;
				SWIFT_VERSION = 5.0;
				TARGETED_DEVICE_FAMILY = "1,2";
				TEST_TARGET_NAME = Meal_App;
			};
			name = Release;
		};
/* End XCBuildConfiguration section */

/* Begin XCConfigurationList section */
		00D6D3C02C309B710032FE30 /* Build configuration list for PBXProject "Meal_App" */ = {
			isa = XCConfigurationList;
			buildConfigurations = (
				00D6D3E72C309B740032FE30 /* Debug */,
				00D6D3E82C309B740032FE30 /* Release */,
			);
			defaultConfigurationIsVisible = 0;
			defaultConfigurationName = Release;
		};
		00D6D3E92C309B740032FE30 /* Build configuration list for PBXNativeTarget "Meal_App" */ = {
			isa = XCConfigurationList;
			buildConfigurations = (
				00D6D3EA2C309B740032FE30 /* Debug */,
				00D6D3EB2C309B740032FE30 /* Release */,
			);
			defaultConfigurationIsVisible = 0;
			defaultConfigurationName = Release;
		};
		00D6D3EC2C309B740032FE30 /* Build configuration list for PBXNativeTarget "Meal_AppTests" */ = {
			isa = XCConfigurationList;
			buildConfigurations = (
				00D6D3ED2C309B740032FE30 /* Debug */,
				00D6D3EE2C309B740032FE30 /* Release */,
			);
			defaultConfigurationIsVisible = 0;
			defaultConfigurationName = Release;
		};
		00D6D3EF2C309B740032FE30 /* Build configuration list for PBXNativeTarget "Meal_AppUITests" */ = {
			isa = XCConfigurationList;
			buildConfigurations = (
				00D6D3F02C309B740032FE30 /* Debug */,
				00D6D3F12C309B740032FE30 /* Release */,
			);
			defaultConfigurationIsVisible = 0;
			defaultConfigurationName = Release;
		};
/* End XCConfigurationList section */
	};
	rootObject = 00D6D3BD2C309B710032FE30 /* Project object */;
}
